
Microsoft Visual Studio Solution File, Format Version 12.00
# Visual Studio Version 16
VisualStudioVersion = 16.0.33130.400
MinimumVisualStudioVersion = 10.0.40219.1
Project("{FAE04EC0-301F-11D3-BF4B-00C04F79EFBC}") = "AiConsoleTest", "AiConsoleTest\AiConsoleTest.csproj", "{C80C7491-2ED7-4D53-8612-5051AE6BCC8F}"
EndProject
Global
	GlobalSection(SolutionConfigurationPlatforms) = preSolution
		Debug|Any CPU = Debug|Any CPU
		Release|Any CPU = Release|Any CPU
	EndGlobalSection
	GlobalSection(ProjectConfigurationPlatforms) = postSolution
		{C80C7491-2ED7-4D53-8612-5051AE6BCC8F}.Debug|Any CPU.ActiveCfg = Debug|Any CPU
		{C80C7491-2ED7-4D53-8612-5051AE6BCC8F}.Debug|Any CPU.Build.0 = Debug|Any CPU
		{C80C7491-2ED7-4D53-8612-5051AE6BCC8F}.Release|Any CPU.ActiveCfg = Release|Any CPU
		{C80C7491-2ED7-4D53-8612-5051AE6BCC8F}.Release|Any CPU.Build.0 = Release|Any CPU
	EndGlobalSection
	GlobalSection(SolutionProperties) = preSolution
		HideSolutionNode = FALSE
	EndGlobalSection
	GlobalSection(ExtensibilityGlobals) = postSolution
		SolutionGuid = {E666B526-B60A-4FFF-BB50-E364E006D429}
	EndGlobalSection
EndGlobal
